
Microsoft Visual Studio Solution File, Format Version 12.00
# Visual Studio Version 17
VisualStudioVersion = 17.6.33829.357
MinimumVisualStudioVersion = 10.0.40219.1
Project("{FAE04EC0-301F-11D3-BF4B-00C04F79EFBC}") = "VT", "VT\VT.csproj", "{C8C76F25-276E-4004-8E1C-88E6AA737B03}"
EndProject
Global
	GlobalSection(SolutionConfigurationPlatforms) = preSolution
		Debug|Any CPU = Debug|Any CPU
		Release|Any CPU = Release|Any CPU
	EndGlobalSection
	GlobalSection(ProjectConfigurationPlatforms) = postSolution
		{C8C76F25-276E-4004-8E1C-88E6AA737B03}.Debug|Any CPU.ActiveCfg = Debug|Any CPU
		{C8C76F25-276E-4004-8E1C-88E6AA737B03}.Debug|Any CPU.Build.0 = Debug|Any CPU
		{C8C76F25-276E-4004-8E1C-88E6AA737B03}.Release|Any CPU.ActiveCfg = Release|Any CPU
		{C8C76F25-276E-4004-8E1C-88E6AA737B03}.Release|Any CPU.Build.0 = Release|Any CPU
	EndGlobalSection
	GlobalSection(SolutionProperties) = preSolution
		HideSolutionNode = FALSE
	EndGlobalSection
	GlobalSection(ExtensibilityGlobals) = postSolution
		SolutionGuid = {1DE50E14-EB7A-4EB8-9551-FF2847B42DD9}
	EndGlobalSection
EndGlobal
